
Microsoft Visual Studio Solution File, Format Version 12.00
Project("{FAE04EC0-301F-11D3-BF4B-00C04F79EFBC}") = "RevenueRecognitionDatabase", "RevenueRecognitionDatabase\RevenueRecognitionDatabase.csproj", "{06ECA988-636F-4863-BA43-1D21B56311A4}"
EndProject
Global
	GlobalSection(SolutionConfigurationPlatforms) = preSolution
		Debug|Any CPU = Debug|Any CPU
		Release|Any CPU = Release|Any CPU
	EndGlobalSection
	GlobalSection(ProjectConfigurationPlatforms) = postSolution
		{06ECA988-636F-4863-BA43-1D21B56311A4}.Debug|Any CPU.ActiveCfg = Debug|Any CPU
		{06ECA988-636F-4863-BA43-1D21B56311A4}.Debug|Any CPU.Build.0 = Debug|Any CPU
		{06ECA988-636F-4863-BA43-1D21B56311A4}.Release|Any CPU.ActiveCfg = Release|Any CPU
		{06ECA988-636F-4863-BA43-1D21B56311A4}.Release|Any CPU.Build.0 = Release|Any CPU
	EndGlobalSection
EndGlobal
